{
  "name": "campus-lms-cli",
  "version": "0.1.0",
  "lockfileVersion": 3,
  "requires": true,
  "packages": {
    "": {
      "name": "campus-lms-cli",
      "version": "0.1.0",
      "hasInstallScript": true,
      "license": "Apache-2.0",
      "bin": {
        "campus-lms": "npm/campus-lms.js"
      },
      "engines": {
        "node": ">=18"
      }
    }
  }
}
